// !$*UTF8*$!
{
	archiveVersion = 1;
	classes = {
	};
	objectVersion = 46;
	objects = {

/* Begin PBXBuildFile section */
		F5C8562B1F471245001AED9B /* fifo.cpp in Sources */ = {isa = PBXBuildFile; fileRef = F5C856291F471245001AED9B /* fifo.cpp */; };
		F5C8562C1F471245001AED9B /* fifo.h in Headers */ = {isa = PBXBuildFile; fileRef = F5C8562A1F471245001AED9B /* fifo.h */; };
		F5C856341F472A46001AED9B /* fastFifo.cpp in Sources */ = {isa = PBXBuildFile; fileRef = F5C856321F472A46001AED9B /* fastFifo.cpp */; };
		F5C856351F472A46001AED9B /* fastFifo.h in Headers */ = {isa = PBXBuildFile; fileRef = F5C856331F472A46001AED9B /* fastFifo.h */; };
		F5C856421F4730C9001AED9B /* bitmap.cpp in Sources */ = {isa = PBXBuildFile; fileRef = F5C8563F1F4730C9001AED9B /* bitmap.cpp */; };
		F5C856441F4730C9001AED9B /* bitmap.h in Headers */ = {isa = PBXBuildFile; fileRef = F5C856401F4730C9001AED9B /* bitmap.h */; };
		F5C8564C1F474E66001AED9B /* graphicTypes.h in Headers */ = {isa = PBXBuildFile; fileRef = F5C8564B1F474E66001AED9B /* graphicTypes.h */; };
		F5C8564F1F4753D0001AED9B /* ApplicationServices.framework in Frameworks */ = {isa = PBXBuildFile; fileRef = F5C8564E1F4753D0001AED9B /* ApplicationServices.framework */; };
/* End PBXBuildFile section */

/* Begin PBXFileReference section */
		F5C8561E1F4711AA001AED9B /* libCollections.dylib */ = {isa = PBXFileReference; explicitFileType = "compiled.mach-o.dylib"; includeInIndex = 0; path = libCollections.dylib; sourceTree = BUILT_PRODUCTS_DIR; };
		F5C856291F471245001AED9B /* fifo.cpp */ = {isa = PBXFileReference; fileEncoding = 4; lastKnownFileType = sourcecode.cpp.cpp; name = fifo.cpp; path = src/Collections/fifo.cpp; sourceTree = "<group>"; };
		F5C8562A1F471245001AED9B /* fifo.h */ = {isa = PBXFileReference; fileEncoding = 4; lastKnownFileType = sourcecode.c.h; name = fifo.h; path = src/Collections/fifo.h; sourceTree = "<group>"; };
		F5C856311F472960001AED9B /* collectionTypes.h */ = {isa = PBXFileReference; lastKnownFileType = sourcecode.c.h; path = collectionTypes.h; sourceTree = "<group>"; };
		F5C856321F472A46001AED9B /* fastFifo.cpp */ = {isa = PBXFileReference; fileEncoding = 4; lastKnownFileType = sourcecode.cpp.cpp; path = fastFifo.cpp; sourceTree = "<group>"; };
		F5C856331F472A46001AED9B /* fastFifo.h */ = {isa = PBXFileReference; fileEncoding = 4; lastKnownFileType = sourcecode.c.h; path = fastFifo.h; sourceTree = "<group>"; };
		F5C8563A1F47307A001AED9B /* libGraphics.dylib */ = {isa = PBXFileReference; explicitFileType = "compiled.mach-o.dylib"; includeInIndex = 0; path = libGraphics.dylib; sourceTree = BUILT_PRODUCTS_DIR; };
		F5C8563F1F4730C9001AED9B /* bitmap.cpp */ = {isa = PBXFileReference; fileEncoding = 4; lastKnownFileType = sourcecode.cpp.cpp; name = bitmap.cpp; path = src/Graphics/bitmap.cpp; sourceTree = "<group>"; };
		F5C856401F4730C9001AED9B /* bitmap.h */ = {isa = PBXFileReference; fileEncoding = 4; lastKnownFileType = sourcecode.c.h; name = bitmap.h; path = src/Graphics/bitmap.h; sourceTree = "<group>"; };
		F5C8564B1F474E66001AED9B /* graphicTypes.h */ = {isa = PBXFileReference; fileEncoding = 4; lastKnownFileType = sourcecode.c.h; name = graphicTypes.h; path = src/Graphics/graphicTypes.h; sourceTree = "<group>"; };
		F5C8564E1F4753D0001AED9B /* ApplicationServices.framework */ = {isa = PBXFileReference; lastKnownFileType = wrapper.framework; name = ApplicationServices.framework; path = System/Library/Frameworks/ApplicationServices.framework; sourceTree = SDKROOT; };
/* End PBXFileReference section */

/* Begin PBXFrameworksBuildPhase section */
		F5C8561B1F4711AA001AED9B /* Frameworks */ = {
			isa = PBXFrameworksBuildPhase;
			buildActionMask = 2147483647;
			files = (
			);
			runOnlyForDeploymentPostprocessing = 0;
		};
		F5C856371F47307A001AED9B /* Frameworks */ = {
			isa = PBXFrameworksBuildPhase;
			buildActionMask = 2147483647;
			files = (
				F5C8564F1F4753D0001AED9B /* ApplicationServices.framework in Frameworks */,
			);
			runOnlyForDeploymentPostprocessing = 0;
		};
/* End PBXFrameworksBuildPhase section */

/* Begin PBXGroup section */
		F5C855FA1F470CE9001AED9B = {
			isa = PBXGroup;
			children = (
				F5C856271F471229001AED9B /* src */,
				F5C856061F470CFD001AED9B /* Products */,
				F5C8564D1F4753D0001AED9B /* Frameworks */,
			);
			sourceTree = "<group>";
		};
		F5C856061F470CFD001AED9B /* Products */ = {
			isa = PBXGroup;
			children = (
				F5C8561E1F4711AA001AED9B /* libCollections.dylib */,
				F5C8563A1F47307A001AED9B /* libGraphics.dylib */,
			);
			name = Products;
			sourceTree = "<group>";
		};
		F5C856271F471229001AED9B /* src */ = {
			isa = PBXGroup;
			children = (
				F5C8563E1F473080001AED9B /* Graphics */,
				F5C856281F47122F001AED9B /* Collections */,
			);
			name = src;
			sourceTree = "<group>";
		};
		F5C856281F47122F001AED9B /* Collections */ = {
			isa = PBXGroup;
			children = (
				F5C856321F472A46001AED9B /* fastFifo.cpp */,
				F5C856331F472A46001AED9B /* fastFifo.h */,
				F5C856291F471245001AED9B /* fifo.cpp */,
				F5C8562A1F471245001AED9B /* fifo.h */,
				F5C856311F472960001AED9B /* collectionTypes.h */,
			);
			name = Collections;
			sourceTree = "<group>";
		};
		F5C8563E1F473080001AED9B /* Graphics */ = {
			isa = PBXGroup;
			children = (
				F5C8563F1F4730C9001AED9B /* bitmap.cpp */,
				F5C856401F4730C9001AED9B /* bitmap.h */,
				F5C8564B1F474E66001AED9B /* graphicTypes.h */,
			);
			name = Graphics;
			sourceTree = "<group>";
		};
		F5C8564D1F4753D0001AED9B /* Frameworks */ = {
			isa = PBXGroup;
			children = (
				F5C8564E1F4753D0001AED9B /* ApplicationServices.framework */,
			);
			name = Frameworks;
			sourceTree = "<group>";
		};
/* End PBXGroup section */

/* Begin PBXHeadersBuildPhase section */
		F5C8561C1F4711AA001AED9B /* Headers */ = {
			isa = PBXHeadersBuildPhase;
			buildActionMask = 2147483647;
			files = (
				F5C856351F472A46001AED9B /* fastFifo.h in Headers */,
				F5C8562C1F471245001AED9B /* fifo.h in Headers */,
			);
			runOnlyForDeploymentPostprocessing = 0;
		};
		F5C856381F47307A001AED9B /* Headers */ = {
			isa = PBXHeadersBuildPhase;
			buildActionMask = 2147483647;
			files = (
				F5C8564C1F474E66001AED9B /* graphicTypes.h in Headers */,
				F5C856441F4730C9001AED9B /* bitmap.h in Headers */,
			);
			runOnlyForDeploymentPostprocessing = 0;
		};
/* End PBXHeadersBuildPhase section */

/* Begin PBXNativeTarget section */
		F5C8561D1F4711AA001AED9B /* Collections */ = {
			isa = PBXNativeTarget;
			buildConfigurationList = F5C8561F1F4711AA001AED9B /* Build configuration list for PBXNativeTarget "Collections" */;
			buildPhases = (
				F5C8561A1F4711AA001AED9B /* Sources */,
				F5C8561B1F4711AA001AED9B /* Frameworks */,
				F5C8561C1F4711AA001AED9B /* Headers */,
			);
			buildRules = (
			);
			dependencies = (
			);
			name = Collections;
			productName = Collections;
			productReference = F5C8561E1F4711AA001AED9B /* libCollections.dylib */;
			productType = "com.apple.product-type.library.dynamic";
		};
		F5C856391F47307A001AED9B /* Graphics */ = {
			isa = PBXNativeTarget;
			buildConfigurationList = F5C8563B1F47307A001AED9B /* Build configuration list for PBXNativeTarget "Graphics" */;
			buildPhases = (
				F5C856361F47307A001AED9B /* Sources */,
				F5C856371F47307A001AED9B /* Frameworks */,
				F5C856381F47307A001AED9B /* Headers */,
			);
			buildRules = (
			);
			dependencies = (
			);
			name = Graphics;
			productName = Graphics;
			productReference = F5C8563A1F47307A001AED9B /* libGraphics.dylib */;
			productType = "com.apple.product-type.library.dynamic";
		};
/* End PBXNativeTarget section */

/* Begin PBXProject section */
		F5C855FB1F470CE9001AED9B /* Project object */ = {
			isa = PBXProject;
			attributes = {
				LastUpgradeCheck = 0830;
				TargetAttributes = {
					F5C8561D1F4711AA001AED9B = {
						CreatedOnToolsVersion = 8.3.2;
						ProvisioningStyle = Automatic;
					};
					F5C856391F47307A001AED9B = {
						CreatedOnToolsVersion = 8.3.2;
						ProvisioningStyle = Automatic;
					};
				};
			};
			buildConfigurationList = F5C855FE1F470CE9001AED9B /* Build configuration list for PBXProject "Utilities" */;
			compatibilityVersion = "Xcode 3.2";
			developmentRegion = English;
			hasScannedForEncodings = 0;
			knownRegions = (
				en,
			);
			mainGroup = F5C855FA1F470CE9001AED9B;
			productRefGroup = F5C856061F470CFD001AED9B /* Products */;
			projectDirPath = "";
			projectRoot = "";
			targets = (
				F5C8561D1F4711AA001AED9B /* Collections */,
				F5C856391F47307A001AED9B /* Graphics */,
			);
		};
/* End PBXProject section */

/* Begin PBXSourcesBuildPhase section */
		F5C8561A1F4711AA001AED9B /* Sources */ = {
			isa = PBXSourcesBuildPhase;
			buildActionMask = 2147483647;
			files = (
				F5C8562B1F471245001AED9B /* fifo.cpp in Sources */,
				F5C856341F472A46001AED9B /* fastFifo.cpp in Sources */,
			);
			runOnlyForDeploymentPostprocessing = 0;
		};
		F5C856361F47307A001AED9B /* Sources */ = {
			isa = PBXSourcesBuildPhase;
			buildActionMask = 2147483647;
			files = (
				F5C856421F4730C9001AED9B /* bitmap.cpp in Sources */,
			);
			runOnlyForDeploymentPostprocessing = 0;
		};
/* End PBXSourcesBuildPhase section */

/* Begin XCBuildConfiguration section */
		F5C855FF1F470CE9001AED9B /* Debug */ = {
			isa = XCBuildConfiguration;
			buildSettings = {
			};
			name = Debug;
		};
		F5C856001F470CE9001AED9B /* Release */ = {
			isa = XCBuildConfiguration;
			buildSettings = {
			};
			name = Release;
		};
		F5C856201F4711AA001AED9B /* Debug */ = {
			isa = XCBuildConfiguration;
			buildSettings = {
				ALWAYS_SEARCH_USER_PATHS = NO;
				CLANG_ANALYZER_NONNULL = YES;
				CLANG_ANALYZER_NUMBER_OBJECT_CONVERSION = YES_AGGRESSIVE;
				CLANG_CXX_LANGUAGE_STANDARD = "gnu++0x";
				CLANG_CXX_LIBRARY = "libc++";
				CLANG_ENABLE_MODULES = YES;
				CLANG_ENABLE_OBJC_ARC = YES;
				CLANG_WARN_BOOL_CONVERSION = YES;
				CLANG_WARN_CONSTANT_CONVERSION = YES;
				CLANG_WARN_DIRECT_OBJC_ISA_USAGE = YES_ERROR;
				CLANG_WARN_DOCUMENTATION_COMMENTS = YES;
				CLANG_WARN_EMPTY_BODY = YES;
				CLANG_WARN_ENUM_CONVERSION = YES;
				CLANG_WARN_INFINITE_RECURSION = YES;
				CLANG_WARN_INT_CONVERSION = YES;
				CLANG_WARN_OBJC_ROOT_CLASS = YES_ERROR;
				CLANG_WARN_SUSPICIOUS_MOVE = YES;
				CLANG_WARN_UNREACHABLE_CODE = YES;
				CLANG_WARN__DUPLICATE_METHOD_MATCH = YES;
				CODE_SIGN_IDENTITY = "-";
				COPY_PHASE_STRIP = NO;
				DEBUG_INFORMATION_FORMAT = dwarf;
				DYLIB_COMPATIBILITY_VERSION = 1;
				DYLIB_CURRENT_VERSION = 1;
				ENABLE_STRICT_OBJC_MSGSEND = YES;
				ENABLE_TESTABILITY = YES;
				EXECUTABLE_PREFIX = lib;
				GCC_C_LANGUAGE_STANDARD = gnu99;
				GCC_DYNAMIC_NO_PIC = NO;
				GCC_NO_COMMON_BLOCKS = YES;
				GCC_OPTIMIZATION_LEVEL = 0;
				GCC_PREPROCESSOR_DEFINITIONS = (
					"DEBUG=1",
					"$(inherited)",
				);
				GCC_WARN_64_TO_32_BIT_CONVERSION = YES;
				GCC_WARN_ABOUT_RETURN_TYPE = YES_ERROR;
				GCC_WARN_UNDECLARED_SELECTOR = YES;
				GCC_WARN_UNINITIALIZED_AUTOS = YES_AGGRESSIVE;
				GCC_WARN_UNUSED_FUNCTION = YES;
				GCC_WARN_UNUSED_VARIABLE = YES;
				MACOSX_DEPLOYMENT_TARGET = 10.12;
				MTL_ENABLE_DEBUG_INFO = YES;
				ONLY_ACTIVE_ARCH = YES;
				PRODUCT_NAME = "$(TARGET_NAME)";
				SDKROOT = macosx;
			};
			name = Debug;
		};
		F5C856211F4711AA001AED9B /* Release */ = {
			isa = XCBuildConfiguration;
			buildSettings = {
				ALWAYS_SEARCH_USER_PATHS = NO;
				CLANG_ANALYZER_NONNULL = YES;
				CLANG_ANALYZER_NUMBER_OBJECT_CONVERSION = YES_AGGRESSIVE;
				CLANG_CXX_LANGUAGE_STANDARD = "gnu++0x";
				CLANG_CXX_LIBRARY = "libc++";
				CLANG_ENABLE_MODULES = YES;
				CLANG_ENABLE_OBJC_ARC = YES;
				CLANG_WARN_BOOL_CONVERSION = YES;
				CLANG_WARN_CONSTANT_CONVERSION = YES;
				CLANG_WARN_DIRECT_OBJC_ISA_USAGE = YES_ERROR;
				CLANG_WARN_DOCUMENTATION_COMMENTS = YES;
				CLANG_WARN_EMPTY_BODY = YES;
				CLANG_WARN_ENUM_CONVERSION = YES;
				CLANG_WARN_INFINITE_RECURSION = YES;
				CLANG_WARN_INT_CONVERSION = YES;
				CLANG_WARN_OBJC_ROOT_CLASS = YES_ERROR;
				CLANG_WARN_SUSPICIOUS_MOVE = YES;
				CLANG_WARN_UNREACHABLE_CODE = YES;
				CLANG_WARN__DUPLICATE_METHOD_MATCH = YES;
				CODE_SIGN_IDENTITY = "-";
				COPY_PHASE_STRIP = NO;
				DEBUG_INFORMATION_FORMAT = "dwarf-with-dsym";
				DYLIB_COMPATIBILITY_VERSION = 1;
				DYLIB_CURRENT_VERSION = 1;
				ENABLE_NS_ASSERTIONS = NO;
				ENABLE_STRICT_OBJC_MSGSEND = YES;
				EXECUTABLE_PREFIX = lib;
				GCC_C_LANGUAGE_STANDARD = gnu99;
				GCC_NO_COMMON_BLOCKS = YES;
				GCC_WARN_64_TO_32_BIT_CONVERSION = YES;
				GCC_WARN_ABOUT_RETURN_TYPE = YES_ERROR;
				GCC_WARN_UNDECLARED_SELECTOR = YES;
				GCC_WARN_UNINITIALIZED_AUTOS = YES_AGGRESSIVE;
				GCC_WARN_UNUSED_FUNCTION = YES;
				GCC_WARN_UNUSED_VARIABLE = YES;
				MACOSX_DEPLOYMENT_TARGET = 10.12;
				MTL_ENABLE_DEBUG_INFO = NO;
				PRODUCT_NAME = "$(TARGET_NAME)";
				SDKROOT = macosx;
			};
			name = Release;
		};
		F5C8563C1F47307A001AED9B /* Debug */ = {
			isa = XCBuildConfiguration;
			buildSettings = {
				ALWAYS_SEARCH_USER_PATHS = NO;
				CLANG_ANALYZER_NONNULL = YES;
				CLANG_ANALYZER_NUMBER_OBJECT_CONVERSION = YES_AGGRESSIVE;
				CLANG_CXX_LANGUAGE_STANDARD = "gnu++0x";
				CLANG_CXX_LIBRARY = "libc++";
				CLANG_ENABLE_MODULES = YES;
				CLANG_ENABLE_OBJC_ARC = YES;
				CLANG_WARN_BOOL_CONVERSION = YES;
				CLANG_WARN_CONSTANT_CONVERSION = YES;
				CLANG_WARN_DIRECT_OBJC_ISA_USAGE = YES_ERROR;
				CLANG_WARN_DOCUMENTATION_COMMENTS = YES;
				CLANG_WARN_EMPTY_BODY = YES;
				CLANG_WARN_ENUM_CONVERSION = YES;
				CLANG_WARN_INFINITE_RECURSION = YES;
				CLANG_WARN_INT_CONVERSION = YES;
				CLANG_WARN_OBJC_ROOT_CLASS = YES_ERROR;
				CLANG_WARN_SUSPICIOUS_MOVE = YES;
				CLANG_WARN_UNREACHABLE_CODE = YES;
				CLANG_WARN__DUPLICATE_METHOD_MATCH = YES;
				CODE_SIGN_IDENTITY = "-";
				COPY_PHASE_STRIP = NO;
				DEBUG_INFORMATION_FORMAT = dwarf;
				DYLIB_COMPATIBILITY_VERSION = 1;
				DYLIB_CURRENT_VERSION = 1;
				ENABLE_STRICT_OBJC_MSGSEND = YES;
				ENABLE_TESTABILITY = YES;
				EXECUTABLE_PREFIX = lib;
				GCC_C_LANGUAGE_STANDARD = gnu99;
				GCC_DYNAMIC_NO_PIC = NO;
				GCC_NO_COMMON_BLOCKS = YES;
				GCC_OPTIMIZATION_LEVEL = 0;
				GCC_PREPROCESSOR_DEFINITIONS = (
					"DEBUG=1",
					"$(inherited)",
				);
				GCC_WARN_64_TO_32_BIT_CONVERSION = YES;
				GCC_WARN_ABOUT_RETURN_TYPE = YES_ERROR;
				GCC_WARN_UNDECLARED_SELECTOR = YES;
				GCC_WARN_UNINITIALIZED_AUTOS = YES_AGGRESSIVE;
				GCC_WARN_UNUSED_FUNCTION = YES;
				GCC_WARN_UNUSED_VARIABLE = YES;
				HEADER_SEARCH_PATHS = (
					/Library/Developer/CommandLineTools/SDKs/MacOSX.sdk/System/Library/Frameworks/CoreGraphics.framework/Headers,
					/Library/Developer/CommandLineTools/SDKs/MacOSX.sdk/System/Library/Frameworks/CoreServices.framework/Versions/Current/Frameworks/LaunchServices.framework/Versions/Current/Headers,
				);
				MACOSX_DEPLOYMENT_TARGET = 10.12;
				MTL_ENABLE_DEBUG_INFO = YES;
				ONLY_ACTIVE_ARCH = YES;
				PRODUCT_NAME = "$(TARGET_NAME)";
				SDKROOT = macosx;
			};
			name = Debug;
		};
		F5C8563D1F47307A001AED9B /* Release */ = {
			isa = XCBuildConfiguration;
			buildSettings = {
				ALWAYS_SEARCH_USER_PATHS = NO;
				CLANG_ANALYZER_NONNULL = YES;
				CLANG_ANALYZER_NUMBER_OBJECT_CONVERSION = YES_AGGRESSIVE;
				CLANG_CXX_LANGUAGE_STANDARD = "gnu++0x";
				CLANG_CXX_LIBRARY = "libc++";
				CLANG_ENABLE_MODULES = YES;
				CLANG_ENABLE_OBJC_ARC = YES;
				CLANG_WARN_BOOL_CONVERSION = YES;
				CLANG_WARN_CONSTANT_CONVERSION = YES;
				CLANG_WARN_DIRECT_OBJC_ISA_USAGE = YES_ERROR;
				CLANG_WARN_DOCUMENTATION_COMMENTS = YES;
				CLANG_WARN_EMPTY_BODY = YES;
				CLANG_WARN_ENUM_CONVERSION = YES;
				CLANG_WARN_INFINITE_RECURSION = YES;
				CLANG_WARN_INT_CONVERSION = YES;
				CLANG_WARN_OBJC_ROOT_CLASS = YES_ERROR;
				CLANG_WARN_SUSPICIOUS_MOVE = YES;
				CLANG_WARN_UNREACHABLE_CODE = YES;
				CLANG_WARN__DUPLICATE_METHOD_MATCH = YES;
				CODE_SIGN_IDENTITY = "-";
				COPY_PHASE_STRIP = NO;
				DEBUG_INFORMATION_FORMAT = "dwarf-with-dsym";
				DYLIB_COMPATIBILITY_VERSION = 1;
				DYLIB_CURRENT_VERSION = 1;
				ENABLE_NS_ASSERTIONS = NO;
				ENABLE_STRICT_OBJC_MSGSEND = YES;
				EXECUTABLE_PREFIX = lib;
				GCC_C_LANGUAGE_STANDARD = gnu99;
				GCC_NO_COMMON_BLOCKS = YES;
				GCC_WARN_64_TO_32_BIT_CONVERSION = YES;
				GCC_WARN_ABOUT_RETURN_TYPE = YES_ERROR;
				GCC_WARN_UNDECLARED_SELECTOR = YES;
				GCC_WARN_UNINITIALIZED_AUTOS = YES_AGGRESSIVE;
				GCC_WARN_UNUSED_FUNCTION = YES;
				GCC_WARN_UNUSED_VARIABLE = YES;
				HEADER_SEARCH_PATHS = (
					/Library/Developer/CommandLineTools/SDKs/MacOSX.sdk/System/Library/Frameworks/CoreGraphics.framework/Headers,
					/Library/Developer/CommandLineTools/SDKs/MacOSX.sdk/System/Library/Frameworks/CoreServices.framework/Versions/Current/Frameworks/LaunchServices.framework/Versions/Current/Headers,
				);
				MACOSX_DEPLOYMENT_TARGET = 10.12;
				MTL_ENABLE_DEBUG_INFO = NO;
				PRODUCT_NAME = "$(TARGET_NAME)";
				SDKROOT = macosx;
			};
			name = Release;
		};
/* End XCBuildConfiguration section */

/* Begin XCConfigurationList section */
		F5C855FE1F470CE9001AED9B /* Build configuration list for PBXProject "Utilities" */ = {
			isa = XCConfigurationList;
			buildConfigurations = (
				F5C855FF1F470CE9001AED9B /* Debug */,
				F5C856001F470CE9001AED9B /* Release */,
			);
			defaultConfigurationIsVisible = 0;
			defaultConfigurationName = Release;
		};
		F5C8561F1F4711AA001AED9B /* Build configuration list for PBXNativeTarget "Collections" */ = {
			isa = XCConfigurationList;
			buildConfigurations = (
				F5C856201F4711AA001AED9B /* Debug */,
				F5C856211F4711AA001AED9B /* Release */,
			);
			defaultConfigurationIsVisible = 0;
		};
		F5C8563B1F47307A001AED9B /* Build configuration list for PBXNativeTarget "Graphics" */ = {
			isa = XCConfigurationList;
			buildConfigurations = (
				F5C8563C1F47307A001AED9B /* Debug */,
				F5C8563D1F47307A001AED9B /* Release */,
			);
			defaultConfigurationIsVisible = 0;
		};
/* End XCConfigurationList section */
	};
	rootObject = F5C855FB1F470CE9001AED9B /* Project object */;
}
